
Microsoft Visual Studio Solution File, Format Version 12.00
# Visual Studio 15
VisualStudioVersion = 15.0.27004.2005
MinimumVisualStudioVersion = 10.0.40219.1
Project("{FAE04EC0-301F-11D3-BF4B-00C04F79EFBC}") = "Pixi", "Pixi\Pixi.csproj", "{BA397402-F887-4EBD-85EB-B7DA8D15D0F4}"
EndProject
Global
	GlobalSection(SolutionConfigurationPlatforms) = preSolution
		Debug|Any CPU = Debug|Any CPU
		Release|Any CPU = Release|Any CPU
	EndGlobalSection
	GlobalSection(ProjectConfigurationPlatforms) = postSolution
		{BA397402-F887-4EBD-85EB-B7DA8D15D0F4}.Debug|Any CPU.ActiveCfg = Debug|Any CPU
		{BA397402-F887-4EBD-85EB-B7DA8D15D0F4}.Debug|Any CPU.Build.0 = Debug|Any CPU
		{BA397402-F887-4EBD-85EB-B7DA8D15D0F4}.Release|Any CPU.ActiveCfg = Release|Any CPU
		{BA397402-F887-4EBD-85EB-B7DA8D15D0F4}.Release|Any CPU.Build.0 = Release|Any CPU
	EndGlobalSection
	GlobalSection(SolutionProperties) = preSolution
		HideSolutionNode = FALSE
	EndGlobalSection
	GlobalSection(ExtensibilityGlobals) = postSolution
		SolutionGuid = {85FD9EE2-EDA9-4F05-9DD0-EBD3246F83FA}
	EndGlobalSection
EndGlobal
